# THIS IS AN AUTOGENERATED FILE. DO NOT EDIT THIS FILE DIRECTLY.
# yarn lockfile v1


insomnia-url@^0.1.2:
  version "0.1.13"
  resolved "https://registry.yarnpkg.com/insomnia-url/-/insomnia-url-0.1.13.tgz#de892695990885ea9b41556055a0d0b806096f03"
  integrity sha512-lXdtEEOz7pBOUBtT3qKMUZx6N47ZpxertN1BmsDxDTD2+D4q2ADoRoC5RKFH9y+tu9+j6ccpCQRxyzNiOGEI6A==

moment@^2.0.0:
  version "2.29.1"
  resolved "https://registry.yarnpkg.com/moment/-/moment-2.29.1.tgz#b2be769fa31940be9eeea6469c075e35006fa3d3"
  integrity sha512-kHmoybcPV8Sqy59DwNDY3Jefr64lK/by/da0ViFcuA4DH0vQg5Q6Ze5VimxkfQNSC+Mls/Kx53s7TjP1RhFEDQ==
